{
  "name": "driving-in-germany",
  "version": "1.0.0",
  "lockfileVersion": 3,
  "requires": true,
  "packages": {
    "": {
      "name": "driving-in-germany",
      "version": "1.0.0",
      "license": "WTFPL",
      "devDependencies": {},
      "engines": {
        "node": "22.9.0"
      }
    }
  }
}
